
Microsoft Visual Studio Solution File, Format Version 12.00
# Visual Studio Version 17
VisualStudioVersion = 17.0.31903.59
MinimumVisualStudioVersion = 10.0.40219.1
Project("{FAE04EC0-301F-11D3-BF4B-00C04F79EFBC}") = "AdventCode1.1", "AdventCode1.1\AdventCode1.1.csproj", "{95AF4857-13A4-42E1-8BC4-7AEA34747EE8}"
EndProject
Project("{FAE04EC0-301F-11D3-BF4B-00C04F79EFBC}") = "AdventCode1.2", "AdventCode1.2\AdventCode1.2.csproj", "{F4B95379-C470-4C03-BEE4-3D3F9AB1BF36}"
EndProject
Global
	GlobalSection(SolutionConfigurationPlatforms) = preSolution
		Debug|Any CPU = Debug|Any CPU
		Release|Any CPU = Release|Any CPU
	EndGlobalSection
	GlobalSection(ProjectConfigurationPlatforms) = postSolution
		{95AF4857-13A4-42E1-8BC4-7AEA34747EE8}.Debug|Any CPU.ActiveCfg = Debug|Any CPU
		{95AF4857-13A4-42E1-8BC4-7AEA34747EE8}.Debug|Any CPU.Build.0 = Debug|Any CPU
		{95AF4857-13A4-42E1-8BC4-7AEA34747EE8}.Release|Any CPU.ActiveCfg = Release|Any CPU
		{95AF4857-13A4-42E1-8BC4-7AEA34747EE8}.Release|Any CPU.Build.0 = Release|Any CPU
		{F4B95379-C470-4C03-BEE4-3D3F9AB1BF36}.Debug|Any CPU.ActiveCfg = Debug|Any CPU
		{F4B95379-C470-4C03-BEE4-3D3F9AB1BF36}.Debug|Any CPU.Build.0 = Debug|Any CPU
		{F4B95379-C470-4C03-BEE4-3D3F9AB1BF36}.Release|Any CPU.ActiveCfg = Release|Any CPU
		{F4B95379-C470-4C03-BEE4-3D3F9AB1BF36}.Release|Any CPU.Build.0 = Release|Any CPU
	EndGlobalSection
	GlobalSection(SolutionProperties) = preSolution
		HideSolutionNode = FALSE
	EndGlobalSection
EndGlobal
